
Microsoft Visual Studio Solution File, Format Version 12.00
# Visual Studio Version 17
VisualStudioVersion = 17.3.32611.2
MinimumVisualStudioVersion = 10.0.40219.1
Project("{FAE04EC0-301F-11D3-BF4B-00C04F79EFBC}") = "Calculator", "Calculator.csproj", "{2916363E-AB32-4BD9-8F19-BCAFD91F850E}"
EndProject
Global
	GlobalSection(SolutionConfigurationPlatforms) = preSolution
		Debug|Any CPU = Debug|Any CPU
		Release|Any CPU = Release|Any CPU
	EndGlobalSection
	GlobalSection(ProjectConfigurationPlatforms) = postSolution
		{2916363E-AB32-4BD9-8F19-BCAFD91F850E}.Debug|Any CPU.ActiveCfg = Debug|Any CPU
		{2916363E-AB32-4BD9-8F19-BCAFD91F850E}.Debug|Any CPU.Build.0 = Debug|Any CPU
		{2916363E-AB32-4BD9-8F19-BCAFD91F850E}.Release|Any CPU.ActiveCfg = Release|Any CPU
		{2916363E-AB32-4BD9-8F19-BCAFD91F850E}.Release|Any CPU.Build.0 = Release|Any CPU
	EndGlobalSection
	GlobalSection(SolutionProperties) = preSolution
		HideSolutionNode = FALSE
	EndGlobalSection
	GlobalSection(ExtensibilityGlobals) = postSolution
		SolutionGuid = {0373B17B-2169-4A73-84A9-B401A4F293ED}
	EndGlobalSection
EndGlobal
